// !$*UTF8*$!
{
	archiveVersion = 1;
	classes = {
	};
	objectVersion = 46;
	objects = {

/* Begin PBXBuildFile section */
		FA2589291F1BC432005D715B /* AppDelegate.swift in Sources */ = {isa = PBXBuildFile; fileRef = FA2589281F1BC432005D715B /* AppDelegate.swift */; };
		FA25892B1F1BC432005D715B /* TravelLocationsMapView.swift in Sources */ = {isa = PBXBuildFile; fileRef = FA25892A1F1BC432005D715B /* TravelLocationsMapView.swift */; };
		FA25892E1F1BC432005D715B /* Main.storyboard in Resources */ = {isa = PBXBuildFile; fileRef = FA25892C1F1BC432005D715B /* Main.storyboard */; };
		FA2589331F1BC432005D715B /* LaunchScreen.storyboard in Resources */ = {isa = PBXBuildFile; fileRef = FA2589311F1BC432005D715B /* LaunchScreen.storyboard */; };
		FA2589431F1CFA16005D715B /* Virtual Tourist App Icons in Resources */ = {isa = PBXBuildFile; fileRef = FA2589421F1CFA16005D715B /* Virtual Tourist App Icons */; };
		FA2589471F1CFFFE005D715B /* PhotoAlbumViewController.swift in Sources */ = {isa = PBXBuildFile; fileRef = FA2589461F1CFFFE005D715B /* PhotoAlbumViewController.swift */; };
		FA25894F1F1D4C83005D715B /* FlickrClient.swift in Sources */ = {isa = PBXBuildFile; fileRef = FA25894E1F1D4C83005D715B /* FlickrClient.swift */; };
		FA2589511F1D64D2005D715B /* FlickrConstants.swift in Sources */ = {isa = PBXBuildFile; fileRef = FA2589501F1D64D2005D715B /* FlickrConstants.swift */; };
		FAC348321F1FF9F500040874 /* CollectionViewCell.swift in Sources */ = {isa = PBXBuildFile; fileRef = FAC348311F1FF9F500040874 /* CollectionViewCell.swift */; };
		FAC348341F1FFE8600040874 /* PhotoCoreData.swift in Sources */ = {isa = PBXBuildFile; fileRef = FAC348331F1FFE8600040874 /* PhotoCoreData.swift */; };
		FAC348361F1FFE8F00040874 /* PinCoreData.swift in Sources */ = {isa = PBXBuildFile; fileRef = FAC348351F1FFE8F00040874 /* PinCoreData.swift */; };
		FAC348391F1FFEF300040874 /* VirtualTouristModel.xcdatamodeld in Sources */ = {isa = PBXBuildFile; fileRef = FAC348371F1FFEF300040874 /* VirtualTouristModel.xcdatamodeld */; };
/* End PBXBuildFile section */

/* Begin PBXFileReference section */
		FA2589251F1BC432005D715B /* Virtual Tourist.app */ = {isa = PBXFileReference; explicitFileType = wrapper.application; includeInIndex = 0; path = "Virtual Tourist.app"; sourceTree = BUILT_PRODUCTS_DIR; };
		FA2589281F1BC432005D715B /* AppDelegate.swift */ = {isa = PBXFileReference; lastKnownFileType = sourcecode.swift; path = AppDelegate.swift; sourceTree = "<group>"; };
		FA25892A1F1BC432005D715B /* TravelLocationsMapView.swift */ = {isa = PBXFileReference; lastKnownFileType = sourcecode.swift; name = TravelLocationsMapView.swift; path = "Virtual Tourist/TravelLocationsMapView.swift"; sourceTree = "<group>"; };
		FA25892D1F1BC432005D715B /* Base */ = {isa = PBXFileReference; lastKnownFileType = file.storyboard; name = Base; path = Base.lproj/Main.storyboard; sourceTree = "<group>"; };
		FA2589321F1BC432005D715B /* Base */ = {isa = PBXFileReference; lastKnownFileType = file.storyboard; name = Base; path = Base.lproj/LaunchScreen.storyboard; sourceTree = "<group>"; };
		FA2589341F1BC432005D715B /* Info.plist */ = {isa = PBXFileReference; lastKnownFileType = text.plist.xml; path = Info.plist; sourceTree = "<group>"; };
		FA2589421F1CFA16005D715B /* Virtual Tourist App Icons */ = {isa = PBXFileReference; lastKnownFileType = folder; path = "Virtual Tourist App Icons"; sourceTree = "<group>"; };
		FA2589461F1CFFFE005D715B /* PhotoAlbumViewController.swift */ = {isa = PBXFileReference; fileEncoding = 4; lastKnownFileType = sourcecode.swift; path = PhotoAlbumViewController.swift; sourceTree = "<group>"; };
		FA25894E1F1D4C83005D715B /* FlickrClient.swift */ = {isa = PBXFileReference; fileEncoding = 4; lastKnownFileType = sourcecode.swift; path = FlickrClient.swift; sourceTree = "<group>"; };
		FA2589501F1D64D2005D715B /* FlickrConstants.swift */ = {isa = PBXFileReference; fileEncoding = 4; lastKnownFileType = sourcecode.swift; path = FlickrConstants.swift; sourceTree = "<group>"; };
		FAC348311F1FF9F500040874 /* CollectionViewCell.swift */ = {isa = PBXFileReference; fileEncoding = 4; lastKnownFileType = sourcecode.swift; path = CollectionViewCell.swift; sourceTree = "<group>"; };
		FAC348331F1FFE8600040874 /* PhotoCoreData.swift */ = {isa = PBXFileReference; fileEncoding = 4; lastKnownFileType = sourcecode.swift; name = PhotoCoreData.swift; path = ../PhotoCoreData.swift; sourceTree = "<group>"; };
		FAC348351F1FFE8F00040874 /* PinCoreData.swift */ = {isa = PBXFileReference; fileEncoding = 4; lastKnownFileType = sourcecode.swift; name = PinCoreData.swift; path = ../PinCoreData.swift; sourceTree = "<group>"; };
		FAC348381F1FFEF300040874 /* VirtualTouristModel.xcdatamodel */ = {isa = PBXFileReference; lastKnownFileType = wrapper.xcdatamodel; path = VirtualTouristModel.xcdatamodel; sourceTree = "<group>"; };
/* End PBXFileReference section */

/* Begin PBXFrameworksBuildPhase section */
		FA2589221F1BC432005D715B /* Frameworks */ = {
			isa = PBXFrameworksBuildPhase;
			buildActionMask = 2147483647;
			files = (
			);
			runOnlyForDeploymentPostprocessing = 0;
		};
/* End PBXFrameworksBuildPhase section */

/* Begin PBXGroup section */
		FA231B241F21635400EB4955 /* CoreData */ = {
			isa = PBXGroup;
			children = (
				FAC348331F1FFE8600040874 /* PhotoCoreData.swift */,
				FAC348351F1FFE8F00040874 /* PinCoreData.swift */,
			);
			name = CoreData;
			sourceTree = "<group>";
		};
		FA25891C1F1BC432005D715B = {
			isa = PBXGroup;
			children = (
				FA2589271F1BC432005D715B /* Virtual Tourist */,
				FA2589261F1BC432005D715B /* Products */,
			);
			sourceTree = "<group>";
		};
		FA2589261F1BC432005D715B /* Products */ = {
			isa = PBXGroup;
			children = (
				FA2589251F1BC432005D715B /* Virtual Tourist.app */,
			);
			name = Products;
			sourceTree = "<group>";
		};
		FA2589271F1BC432005D715B /* Virtual Tourist */ = {
			isa = PBXGroup;
			children = (
				FA25893A1F1C38BA005D715B /* Model */,
				FA25893B1F1C38C7005D715B /* View */,
				FA25893C1F1C38CC005D715B /* Controller */,
				FA2589411F1C39BD005D715B /* Supporting Files */,
			);
			path = "Virtual Tourist";
			sourceTree = "<group>";
		};
		FA25893A1F1C38BA005D715B /* Model */ = {
			isa = PBXGroup;
			children = (
				FA25894D1F1D4C61005D715B /* FlickrClient */,
			);
			name = Model;
			path = ..;
			sourceTree = "<group>";
		};
		FA25893B1F1C38C7005D715B /* View */ = {
			isa = PBXGroup;
			children = (
				FA25892C1F1BC432005D715B /* Main.storyboard */,
				FAC348311F1FF9F500040874 /* CollectionViewCell.swift */,
			);
			name = View;
			path = ..;
			sourceTree = "<group>";
		};
		FA25893C1F1C38CC005D715B /* Controller */ = {
			isa = PBXGroup;
			children = (
				FA25892A1F1BC432005D715B /* TravelLocationsMapView.swift */,
				FA2589461F1CFFFE005D715B /* PhotoAlbumViewController.swift */,
			);
			name = Controller;
			path = ..;
			sourceTree = "<group>";
		};
		FA2589411F1C39BD005D715B /* Supporting Files */ = {
			isa = PBXGroup;
			children = (
				FA231B241F21635400EB4955 /* CoreData */,
				FAC348371F1FFEF300040874 /* VirtualTouristModel.xcdatamodeld */,
				FA2589281F1BC432005D715B /* AppDelegate.swift */,
				FA2589311F1BC432005D715B /* LaunchScreen.storyboard */,
				FA2589341F1BC432005D715B /* Info.plist */,
				FA2589421F1CFA16005D715B /* Virtual Tourist App Icons */,
			);
			name = "Supporting Files";
			sourceTree = "<group>";
		};
		FA25894D1F1D4C61005D715B /* FlickrClient */ = {
			isa = PBXGroup;
			children = (
				FA2589501F1D64D2005D715B /* FlickrConstants.swift */,
				FA25894E1F1D4C83005D715B /* FlickrClient.swift */,
			);
			name = FlickrClient;
			sourceTree = "<group>";
		};
/* End PBXGroup section */

/* Begin PBXNativeTarget section */
		FA2589241F1BC432005D715B /* Virtual Tourist */ = {
			isa = PBXNativeTarget;
			buildConfigurationList = FA2589371F1BC432005D715B /* Build configuration list for PBXNativeTarget "Virtual Tourist" */;
			buildPhases = (
				FA2589211F1BC432005D715B /* Sources */,
				FA2589221F1BC432005D715B /* Frameworks */,
				FA2589231F1BC432005D715B /* Resources */,
			);
			buildRules = (
			);
			dependencies = (
			);
			name = "Virtual Tourist";
			productName = "Virtual Tourist";
			productReference = FA2589251F1BC432005D715B /* Virtual Tourist.app */;
			productType = "com.apple.product-type.application";
		};
/* End PBXNativeTarget section */

/* Begin PBXProject section */
		FA25891D1F1BC432005D715B /* Project object */ = {
			isa = PBXProject;
			attributes = {
				LastSwiftUpdateCheck = 0830;
				LastUpgradeCheck = 0830;
				ORGANIZATIONNAME = "Alex Wong";
				TargetAttributes = {
					FA2589241F1BC432005D715B = {
						CreatedOnToolsVersion = 8.3.3;
						DevelopmentTeam = 7DZAV3VM24;
						ProvisioningStyle = Automatic;
					};
				};
			};
			buildConfigurationList = FA2589201F1BC432005D715B /* Build configuration list for PBXProject "Virtual Tourist" */;
			compatibilityVersion = "Xcode 3.2";
			developmentRegion = English;
			hasScannedForEncodings = 0;
			knownRegions = (
				en,
				Base,
			);
			mainGroup = FA25891C1F1BC432005D715B;
			productRefGroup = FA2589261F1BC432005D715B /* Products */;
			projectDirPath = "";
			projectRoot = "";
			targets = (
				FA2589241F1BC432005D715B /* Virtual Tourist */,
			);
		};
/* End PBXProject section */

/* Begin PBXResourcesBuildPhase section */
		FA2589231F1BC432005D715B /* Resources */ = {
			isa = PBXResourcesBuildPhase;
			buildActionMask = 2147483647;
			files = (
				FA2589331F1BC432005D715B /* LaunchScreen.storyboard in Resources */,
				FA25892E1F1BC432005D715B /* Main.storyboard in Resources */,
				FA2589431F1CFA16005D715B /* Virtual Tourist App Icons in Resources */,
			);
			runOnlyForDeploymentPostprocessing = 0;
		};
/* End PBXResourcesBuildPhase section */

/* Begin PBXSourcesBuildPhase section */
		FA2589211F1BC432005D715B /* Sources */ = {
			isa = PBXSourcesBuildPhase;
			buildActionMask = 2147483647;
			files = (
				FAC348341F1FFE8600040874 /* PhotoCoreData.swift in Sources */,
				FA25894F1F1D4C83005D715B /* FlickrClient.swift in Sources */,
				FA2589511F1D64D2005D715B /* FlickrConstants.swift in Sources */,
				FAC348361F1FFE8F00040874 /* PinCoreData.swift in Sources */,
				FA2589471F1CFFFE005D715B /* PhotoAlbumViewController.swift in Sources */,
				FAC348321F1FF9F500040874 /* CollectionViewCell.swift in Sources */,
				FAC348391F1FFEF300040874 /* VirtualTouristModel.xcdatamodeld in Sources */,
				FA25892B1F1BC432005D715B /* TravelLocationsMapView.swift in Sources */,
				FA2589291F1BC432005D715B /* AppDelegate.swift in Sources */,
			);
			runOnlyForDeploymentPostprocessing = 0;
		};
/* End PBXSourcesBuildPhase section */

/* Begin PBXVariantGroup section */
		FA25892C1F1BC432005D715B /* Main.storyboard */ = {
			isa = PBXVariantGroup;
			children = (
				FA25892D1F1BC432005D715B /* Base */,
			);
			name = Main.storyboard;
			path = "Virtual Tourist";
			sourceTree = "<group>";
		};
		FA2589311F1BC432005D715B /* LaunchScreen.storyboard */ = {
			isa = PBXVariantGroup;
			children = (
				FA2589321F1BC432005D715B /* Base */,
			);
			name = LaunchScreen.storyboard;
			sourceTree = "<group>";
		};
/* End PBXVariantGroup section */

/* Begin XCBuildConfiguration section */
		FA2589351F1BC432005D715B /* Debug */ = {
			isa = XCBuildConfiguration;
			buildSettings = {
				ALWAYS_SEARCH_USER_PATHS = NO;
				CLANG_ANALYZER_NONNULL = YES;
				CLANG_ANALYZER_NUMBER_OBJECT_CONVERSION = YES_AGGRESSIVE;
				CLANG_CXX_LANGUAGE_STANDARD = "gnu++0x";
				CLANG_CXX_LIBRARY = "libc++";
				CLANG_ENABLE_MODULES = YES;
				CLANG_ENABLE_OBJC_ARC = YES;
				CLANG_WARN_BOOL_CONVERSION = YES;
				CLANG_WARN_CONSTANT_CONVERSION = YES;
				CLANG_WARN_DIRECT_OBJC_ISA_USAGE = YES_ERROR;
				CLANG_WARN_DOCUMENTATION_COMMENTS = YES;
				CLANG_WARN_EMPTY_BODY = YES;
				CLANG_WARN_ENUM_CONVERSION = YES;
				CLANG_WARN_INFINITE_RECURSION = YES;
				CLANG_WARN_INT_CONVERSION = YES;
				CLANG_WARN_OBJC_ROOT_CLASS = YES_ERROR;
				CLANG_WARN_SUSPICIOUS_MOVE = YES;
				CLANG_WARN_UNREACHABLE_CODE = YES;
				CLANG_WARN__DUPLICATE_METHOD_MATCH = YES;
				"CODE_SIGN_IDENTITY[sdk=iphoneos*]" = "iPhone Developer";
				COPY_PHASE_STRIP = NO;
				DEBUG_INFORMATION_FORMAT = dwarf;
				ENABLE_STRICT_OBJC_MSGSEND = YES;
				ENABLE_TESTABILITY = YES;
				GCC_C_LANGUAGE_STANDARD = gnu99;
				GCC_DYNAMIC_NO_PIC = NO;
				GCC_NO_COMMON_BLOCKS = YES;
				GCC_OPTIMIZATION_LEVEL = 0;
				GCC_PREPROCESSOR_DEFINITIONS = (
					"DEBUG=1",
					"$(inherited)",
				);
				GCC_WARN_64_TO_32_BIT_CONVERSION = YES;
				GCC_WARN_ABOUT_RETURN_TYPE = YES_ERROR;
				GCC_WARN_UNDECLARED_SELECTOR = YES;
				GCC_WARN_UNINITIALIZED_AUTOS = YES_AGGRESSIVE;
				GCC_WARN_UNUSED_FUNCTION = YES;
				GCC_WARN_UNUSED_VARIABLE = YES;
				IPHONEOS_DEPLOYMENT_TARGET = 10.3;
				MTL_ENABLE_DEBUG_INFO = YES;
				ONLY_ACTIVE_ARCH = YES;
				SDKROOT = iphoneos;
				SWIFT_ACTIVE_COMPILATION_CONDITIONS = DEBUG;
				SWIFT_OPTIMIZATION_LEVEL = "-Onone";
				TARGETED_DEVICE_FAMILY = "1,2";
			};
			name = Debug;
		};
		FA2589361F1BC432005D715B /* Release */ = {
			isa = XCBuildConfiguration;
			buildSettings = {
				ALWAYS_SEARCH_USER_PATHS = NO;
				CLANG_ANALYZER_NONNULL = YES;
				CLANG_ANALYZER_NUMBER_OBJECT_CONVERSION = YES_AGGRESSIVE;
				CLANG_CXX_LANGUAGE_STANDARD = "gnu++0x";
				CLANG_CXX_LIBRARY = "libc++";
				CLANG_ENABLE_MODULES = YES;
				CLANG_ENABLE_OBJC_ARC = YES;
				CLANG_WARN_BOOL_CONVERSION = YES;
				CLANG_WARN_CONSTANT_CONVERSION = YES;
				CLANG_WARN_DIRECT_OBJC_ISA_USAGE = YES_ERROR;
				CLANG_WARN_DOCUMENTATION_COMMENTS = YES;
				CLANG_WARN_EMPTY_BODY = YES;
				CLANG_WARN_ENUM_CONVERSION = YES;
				CLANG_WARN_INFINITE_RECURSION = YES;
				CLANG_WARN_INT_CONVERSION = YES;
				CLANG_WARN_OBJC_ROOT_CLASS = YES_ERROR;
				CLANG_WARN_SUSPICIOUS_MOVE = YES;
				CLANG_WARN_UNREACHABLE_CODE = YES;
				CLANG_WARN__DUPLICATE_METHOD_MATCH = YES;
				"CODE_SIGN_IDENTITY[sdk=iphoneos*]" = "iPhone Developer";
				COPY_PHASE_STRIP = NO;
				DEBUG_INFORMATION_FORMAT = "dwarf-with-dsym";
				ENABLE_NS_ASSERTIONS = NO;
				ENABLE_STRICT_OBJC_MSGSEND = YES;
				GCC_C_LANGUAGE_STANDARD = gnu99;
				GCC_NO_COMMON_BLOCKS = YES;
				GCC_WARN_64_TO_32_BIT_CONVERSION = YES;
				GCC_WARN_ABOUT_RETURN_TYPE = YES_ERROR;
				GCC_WARN_UNDECLARED_SELECTOR = YES;
				GCC_WARN_UNINITIALIZED_AUTOS = YES_AGGRESSIVE;
				GCC_WARN_UNUSED_FUNCTION = YES;
				GCC_WARN_UNUSED_VARIABLE = YES;
				IPHONEOS_DEPLOYMENT_TARGET = 10.3;
				MTL_ENABLE_DEBUG_INFO = NO;
				SDKROOT = iphoneos;
				SWIFT_OPTIMIZATION_LEVEL = "-Owholemodule";
				TARGETED_DEVICE_FAMILY = "1,2";
				VALIDATE_PRODUCT = YES;
			};
			name = Release;
		};
		FA2589381F1BC432005D715B /* Debug */ = {
			isa = XCBuildConfiguration;
			buildSettings = {
				ASSETCATALOG_COMPILER_APPICON_NAME = AppIcon;
				DEVELOPMENT_TEAM = 7DZAV3VM24;
				INFOPLIST_FILE = "Virtual Tourist/Info.plist";
				LD_RUNPATH_SEARCH_PATHS = "$(inherited) @executable_path/Frameworks";
				PRODUCT_BUNDLE_IDENTIFIER = "alwongg.Virtual-Tourist";
				PRODUCT_NAME = "$(TARGET_NAME)";
				SWIFT_VERSION = 3.0;
			};
			name = Debug;
		};
		FA2589391F1BC432005D715B /* Release */ = {
			isa = XCBuildConfiguration;
			buildSettings = {
				ASSETCATALOG_COMPILER_APPICON_NAME = AppIcon;
				DEVELOPMENT_TEAM = 7DZAV3VM24;
				INFOPLIST_FILE = "Virtual Tourist/Info.plist";
				LD_RUNPATH_SEARCH_PATHS = "$(inherited) @executable_path/Frameworks";
				PRODUCT_BUNDLE_IDENTIFIER = "alwongg.Virtual-Tourist";
				PRODUCT_NAME = "$(TARGET_NAME)";
				SWIFT_VERSION = 3.0;
			};
			name = Release;
		};
/* End XCBuildConfiguration section */

/* Begin XCConfigurationList section */
		FA2589201F1BC432005D715B /* Build configuration list for PBXProject "Virtual Tourist" */ = {
			isa = XCConfigurationList;
			buildConfigurations = (
				FA2589351F1BC432005D715B /* Debug */,
				FA2589361F1BC432005D715B /* Release */,
			);
			defaultConfigurationIsVisible = 0;
			defaultConfigurationName = Release;
		};
		FA2589371F1BC432005D715B /* Build configuration list for PBXNativeTarget "Virtual Tourist" */ = {
			isa = XCConfigurationList;
			buildConfigurations = (
				FA2589381F1BC432005D715B /* Debug */,
				FA2589391F1BC432005D715B /* Release */,
			);
			defaultConfigurationIsVisible = 0;
			defaultConfigurationName = Release;
		};
/* End XCConfigurationList section */

/* Begin XCVersionGroup section */
		FAC348371F1FFEF300040874 /* VirtualTouristModel.xcdatamodeld */ = {
			isa = XCVersionGroup;
			children = (
				FAC348381F1FFEF300040874 /* VirtualTouristModel.xcdatamodel */,
			);
			currentVersion = FAC348381F1FFEF300040874 /* VirtualTouristModel.xcdatamodel */;
			name = VirtualTouristModel.xcdatamodeld;
			path = ../VirtualTouristModel.xcdatamodeld;
			sourceTree = "<group>";
			versionGroupType = wrapper.xcdatamodel;
		};
/* End XCVersionGroup section */
	};
	rootObject = FA25891D1F1BC432005D715B /* Project object */;
}
